
Microsoft Visual Studio Solution File, Format Version 12.00
# Visual Studio 15
VisualStudioVersion = 15.0.26228.9
MinimumVisualStudioVersion = 10.0.40219.1
Project("{FAE04EC0-301F-11D3-BF4B-00C04F79EFBC}") = "VSapp_Sample1.Android", "VSapp_Sample1\VSapp_Sample1.Android\VSapp_Sample1.Android.csproj", "{48F39FB8-D8E4-469F-BE92-8C8228942C57}"
EndProject
Project("{FAE04EC0-301F-11D3-BF4B-00C04F79EFBC}") = "VSapp_Sample1", "VSapp_Sample1\VSapp_Sample1\VSapp_Sample1.csproj", "{497BB99E-626D-4FCB-8495-13E4EF02EE74}"
EndProject
Project("{FAE04EC0-301F-11D3-BF4B-00C04F79EFBC}") = "VSapp_Sample1.iOS", "VSapp_Sample1\VSapp_Sample1.iOS\VSapp_Sample1.iOS.csproj", "{7F5E4907-E9E8-424F-95EE-CF310E7D3CE6}"
EndProject
Global
	GlobalSection(SolutionConfigurationPlatforms) = preSolution
		Ad-Hoc|Any CPU = Ad-Hoc|Any CPU
		Ad-Hoc|iPhone = Ad-Hoc|iPhone
		Ad-Hoc|iPhoneSimulator = Ad-Hoc|iPhoneSimulator
		AppStore|Any CPU = AppStore|Any CPU
		AppStore|iPhone = AppStore|iPhone
		AppStore|iPhoneSimulator = AppStore|iPhoneSimulator
		Debug|Any CPU = Debug|Any CPU
		Debug|iPhone = Debug|iPhone
		Debug|iPhoneSimulator = Debug|iPhoneSimulator
		Release|Any CPU = Release|Any CPU
		Release|iPhone = Release|iPhone
		Release|iPhoneSimulator = Release|iPhoneSimulator
	EndGlobalSection
	GlobalSection(ProjectConfigurationPlatforms) = postSolution
		{48F39FB8-D8E4-469F-BE92-8C8228942C57}.Ad-Hoc|Any CPU.ActiveCfg = Release|Any CPU
		{48F39FB8-D8E4-469F-BE92-8C8228942C57}.Ad-Hoc|Any CPU.Build.0 = Release|Any CPU
		{48F39FB8-D8E4-469F-BE92-8C8228942C57}.Ad-Hoc|Any CPU.Deploy.0 = Release|Any CPU
		{48F39FB8-D8E4-469F-BE92-8C8228942C57}.Ad-Hoc|iPhone.ActiveCfg = Release|Any CPU
		{48F39FB8-D8E4-469F-BE92-8C8228942C57}.Ad-Hoc|iPhone.Build.0 = Release|Any CPU
		{48F39FB8-D8E4-469F-BE92-8C8228942C57}.Ad-Hoc|iPhone.Deploy.0 = Release|Any CPU
		{48F39FB8-D8E4-469F-BE92-8C8228942C57}.Ad-Hoc|iPhoneSimulator.ActiveCfg = Release|Any CPU
		{48F39FB8-D8E4-469F-BE92-8C8228942C57}.Ad-Hoc|iPhoneSimulator.Build.0 = Release|Any CPU
		{48F39FB8-D8E4-469F-BE92-8C8228942C57}.Ad-Hoc|iPhoneSimulator.Deploy.0 = Release|Any CPU
		{48F39FB8-D8E4-469F-BE92-8C8228942C57}.AppStore|Any CPU.ActiveCfg = Release|Any CPU
		{48F39FB8-D8E4-469F-BE92-8C8228942C57}.AppStore|Any CPU.Build.0 = Release|Any CPU
		{48F39FB8-D8E4-469F-BE92-8C8228942C57}.AppStore|Any CPU.Deploy.0 = Release|Any CPU
		{48F39FB8-D8E4-469F-BE92-8C8228942C57}.AppStore|iPhone.ActiveCfg = Release|Any CPU
		{48F39FB8-D8E4-469F-BE92-8C8228942C57}.AppStore|iPhone.Build.0 = Release|Any CPU
		{48F39FB8-D8E4-469F-BE92-8C8228942C57}.AppStore|iPhone.Deploy.0 = Release|Any CPU
		{48F39FB8-D8E4-469F-BE92-8C8228942C57}.AppStore|iPhoneSimulator.ActiveCfg = Release|Any CPU
		{48F39FB8-D8E4-469F-BE92-8C8228942C57}.AppStore|iPhoneSimulator.Build.0 = Release|Any CPU
		{48F39FB8-D8E4-469F-BE92-8C8228942C57}.AppStore|iPhoneSimulator.Deploy.0 = Release|Any CPU
		{48F39FB8-D8E4-469F-BE92-8C8228942C57}.Debug|Any CPU.ActiveCfg = Debug|Any CPU
		{48F39FB8-D8E4-469F-BE92-8C8228942C57}.Debug|Any CPU.Build.0 = Debug|Any CPU
		{48F39FB8-D8E4-469F-BE92-8C8228942C57}.Debug|Any CPU.Deploy.0 = Debug|Any CPU
		{48F39FB8-D8E4-469F-BE92-8C8228942C57}.Debug|iPhone.ActiveCfg = Debug|Any CPU
		{48F39FB8-D8E4-469F-BE92-8C8228942C57}.Debug|iPhone.Build.0 = Debug|Any CPU
		{48F39FB8-D8E4-469F-BE92-8C8228942C57}.Debug|iPhone.Deploy.0 = Debug|Any CPU
		{48F39FB8-D8E4-469F-BE92-8C8228942C57}.Debug|iPhoneSimulator.ActiveCfg = Debug|Any CPU
		{48F39FB8-D8E4-469F-BE92-8C8228942C57}.Debug|iPhoneSimulator.Build.0 = Debug|Any CPU
		{48F39FB8-D8E4-469F-BE92-8C8228942C57}.Debug|iPhoneSimulator.Deploy.0 = Debug|Any CPU
		{48F39FB8-D8E4-469F-BE92-8C8228942C57}.Release|Any CPU.ActiveCfg = Release|Any CPU
		{48F39FB8-D8E4-469F-BE92-8C8228942C57}.Release|Any CPU.Build.0 = Release|Any CPU
		{48F39FB8-D8E4-469F-BE92-8C8228942C57}.Release|Any CPU.Deploy.0 = Release|Any CPU
		{48F39FB8-D8E4-469F-BE92-8C8228942C57}.Release|iPhone.ActiveCfg = Release|Any CPU
		{48F39FB8-D8E4-469F-BE92-8C8228942C57}.Release|iPhone.Build.0 = Release|Any CPU
		{48F39FB8-D8E4-469F-BE92-8C8228942C57}.Release|iPhone.Deploy.0 = Release|Any CPU
		{48F39FB8-D8E4-469F-BE92-8C8228942C57}.Release|iPhoneSimulator.ActiveCfg = Release|Any CPU
		{48F39FB8-D8E4-469F-BE92-8C8228942C57}.Release|iPhoneSimulator.Build.0 = Release|Any CPU
		{48F39FB8-D8E4-469F-BE92-8C8228942C57}.Release|iPhoneSimulator.Deploy.0 = Release|Any CPU
		{497BB99E-626D-4FCB-8495-13E4EF02EE74}.Ad-Hoc|Any CPU.ActiveCfg = Release|Any CPU
		{497BB99E-626D-4FCB-8495-13E4EF02EE74}.Ad-Hoc|Any CPU.Build.0 = Release|Any CPU
		{497BB99E-626D-4FCB-8495-13E4EF02EE74}.Ad-Hoc|iPhone.ActiveCfg = Release|Any CPU
		{497BB99E-626D-4FCB-8495-13E4EF02EE74}.Ad-Hoc|iPhone.Build.0 = Release|Any CPU
		{497BB99E-626D-4FCB-8495-13E4EF02EE74}.Ad-Hoc|iPhoneSimulator.ActiveCfg = Release|Any CPU
		{497BB99E-626D-4FCB-8495-13E4EF02EE74}.Ad-Hoc|iPhoneSimulator.Build.0 = Release|Any CPU
		{497BB99E-626D-4FCB-8495-13E4EF02EE74}.AppStore|Any CPU.ActiveCfg = Release|Any CPU
		{497BB99E-626D-4FCB-8495-13E4EF02EE74}.AppStore|Any CPU.Build.0 = Release|Any CPU
		{497BB99E-626D-4FCB-8495-13E4EF02EE74}.AppStore|iPhone.ActiveCfg = Release|Any CPU
		{497BB99E-626D-4FCB-8495-13E4EF02EE74}.AppStore|iPhone.Build.0 = Release|Any CPU
		{497BB99E-626D-4FCB-8495-13E4EF02EE74}.AppStore|iPhoneSimulator.ActiveCfg = Release|Any CPU
		{497BB99E-626D-4FCB-8495-13E4EF02EE74}.AppStore|iPhoneSimulator.Build.0 = Release|Any CPU
		{497BB99E-626D-4FCB-8495-13E4EF02EE74}.Debug|Any CPU.ActiveCfg = Debug|Any CPU
		{497BB99E-626D-4FCB-8495-13E4EF02EE74}.Debug|Any CPU.Build.0 = Debug|Any CPU
		{497BB99E-626D-4FCB-8495-13E4EF02EE74}.Debug|iPhone.ActiveCfg = Debug|Any CPU
		{497BB99E-626D-4FCB-8495-13E4EF02EE74}.Debug|iPhone.Build.0 = Debug|Any CPU
		{497BB99E-626D-4FCB-8495-13E4EF02EE74}.Debug|iPhoneSimulator.ActiveCfg = Debug|Any CPU
		{497BB99E-626D-4FCB-8495-13E4EF02EE74}.Debug|iPhoneSimulator.Build.0 = Debug|Any CPU
		{497BB99E-626D-4FCB-8495-13E4EF02EE74}.Release|Any CPU.ActiveCfg = Release|Any CPU
		{497BB99E-626D-4FCB-8495-13E4EF02EE74}.Release|Any CPU.Build.0 = Release|Any CPU
		{497BB99E-626D-4FCB-8495-13E4EF02EE74}.Release|iPhone.ActiveCfg = Release|Any CPU
		{497BB99E-626D-4FCB-8495-13E4EF02EE74}.Release|iPhone.Build.0 = Release|Any CPU
		{497BB99E-626D-4FCB-8495-13E4EF02EE74}.Release|iPhoneSimulator.ActiveCfg = Release|Any CPU
		{497BB99E-626D-4FCB-8495-13E4EF02EE74}.Release|iPhoneSimulator.Build.0 = Release|Any CPU
		{7F5E4907-E9E8-424F-95EE-CF310E7D3CE6}.Ad-Hoc|Any CPU.ActiveCfg = Ad-Hoc|iPhone
		{7F5E4907-E9E8-424F-95EE-CF310E7D3CE6}.Ad-Hoc|iPhone.ActiveCfg = Ad-Hoc|iPhone
		{7F5E4907-E9E8-424F-95EE-CF310E7D3CE6}.Ad-Hoc|iPhone.Build.0 = Ad-Hoc|iPhone
		{7F5E4907-E9E8-424F-95EE-CF310E7D3CE6}.Ad-Hoc|iPhoneSimulator.ActiveCfg = Ad-Hoc|iPhoneSimulator
		{7F5E4907-E9E8-424F-95EE-CF310E7D3CE6}.Ad-Hoc|iPhoneSimulator.Build.0 = Ad-Hoc|iPhoneSimulator
		{7F5E4907-E9E8-424F-95EE-CF310E7D3CE6}.AppStore|Any CPU.ActiveCfg = AppStore|iPhone
		{7F5E4907-E9E8-424F-95EE-CF310E7D3CE6}.AppStore|iPhone.ActiveCfg = AppStore|iPhone
		{7F5E4907-E9E8-424F-95EE-CF310E7D3CE6}.AppStore|iPhone.Build.0 = AppStore|iPhone
		{7F5E4907-E9E8-424F-95EE-CF310E7D3CE6}.AppStore|iPhoneSimulator.ActiveCfg = AppStore|iPhoneSimulator
		{7F5E4907-E9E8-424F-95EE-CF310E7D3CE6}.AppStore|iPhoneSimulator.Build.0 = AppStore|iPhoneSimulator
		{7F5E4907-E9E8-424F-95EE-CF310E7D3CE6}.Debug|Any CPU.ActiveCfg = Debug|iPhone
		{7F5E4907-E9E8-424F-95EE-CF310E7D3CE6}.Debug|iPhone.ActiveCfg = Debug|iPhone
		{7F5E4907-E9E8-424F-95EE-CF310E7D3CE6}.Debug|iPhone.Build.0 = Debug|iPhone
		{7F5E4907-E9E8-424F-95EE-CF310E7D3CE6}.Debug|iPhoneSimulator.ActiveCfg = Debug|iPhoneSimulator
		{7F5E4907-E9E8-424F-95EE-CF310E7D3CE6}.Debug|iPhoneSimulator.Build.0 = Debug|iPhoneSimulator
		{7F5E4907-E9E8-424F-95EE-CF310E7D3CE6}.Release|Any CPU.ActiveCfg = Release|iPhone
		{7F5E4907-E9E8-424F-95EE-CF310E7D3CE6}.Release|iPhone.ActiveCfg = Release|iPhone
		{7F5E4907-E9E8-424F-95EE-CF310E7D3CE6}.Release|iPhone.Build.0 = Release|iPhone
		{7F5E4907-E9E8-424F-95EE-CF310E7D3CE6}.Release|iPhoneSimulator.ActiveCfg = Release|iPhoneSimulator
		{7F5E4907-E9E8-424F-95EE-CF310E7D3CE6}.Release|iPhoneSimulator.Build.0 = Release|iPhoneSimulator
	EndGlobalSection
	GlobalSection(SolutionProperties) = preSolution
		HideSolutionNode = FALSE
	EndGlobalSection
EndGlobal
